
Microsoft Visual Studio Solution File, Format Version 12.00
# Visual Studio Version 16
VisualStudioVersion = 16.0.31410.357
MinimumVisualStudioVersion = 10.0.40219.1
Project("{FAE04EC0-301F-11D3-BF4B-00C04F79EFBC}") = "WEB_Assignment", "WEB_Assignment\WEB_Assignment.csproj", "{CCBCAFA6-6D85-4D98-9189-A53B6EA7ADB7}"
EndProject
Global
	GlobalSection(SolutionConfigurationPlatforms) = preSolution
		Debug|Any CPU = Debug|Any CPU
		Release|Any CPU = Release|Any CPU
	EndGlobalSection
	GlobalSection(ProjectConfigurationPlatforms) = postSolution
		{CCBCAFA6-6D85-4D98-9189-A53B6EA7ADB7}.Debug|Any CPU.ActiveCfg = Debug|Any CPU
		{CCBCAFA6-6D85-4D98-9189-A53B6EA7ADB7}.Debug|Any CPU.Build.0 = Debug|Any CPU
		{CCBCAFA6-6D85-4D98-9189-A53B6EA7ADB7}.Release|Any CPU.ActiveCfg = Release|Any CPU
		{CCBCAFA6-6D85-4D98-9189-A53B6EA7ADB7}.Release|Any CPU.Build.0 = Release|Any CPU
	EndGlobalSection
	GlobalSection(SolutionProperties) = preSolution
		HideSolutionNode = FALSE
	EndGlobalSection
	GlobalSection(ExtensibilityGlobals) = postSolution
		SolutionGuid = {A268596C-6237-4F1E-87E4-BD7D7E7F6DF7}
	EndGlobalSection
EndGlobal
